// !$*UTF8*$!
{
	archiveVersion = 1;
	classes = {
	};
	objectVersion = 46;
	objects = {

/* Begin PBXBuildFile section */
		4812E60C1A0A655A006DED82 /* AppDelegate.swift in Sources */ = {isa = PBXBuildFile; fileRef = 4812E60B1A0A655A006DED82 /* AppDelegate.swift */; };
		4812E60E1A0A655A006DED82 /* ViewController.swift in Sources */ = {isa = PBXBuildFile; fileRef = 4812E60D1A0A655A006DED82 /* ViewController.swift */; };
		4812E6111A0A655A006DED82 /* Main.storyboard in Resources */ = {isa = PBXBuildFile; fileRef = 4812E60F1A0A655A006DED82 /* Main.storyboard */; };
		4812E6131A0A655A006DED82 /* Images.xcassets in Resources */ = {isa = PBXBuildFile; fileRef = 4812E6121A0A655A006DED82 /* Images.xcassets */; };
		4812E6161A0A655A006DED82 /* LaunchScreen.xib in Resources */ = {isa = PBXBuildFile; fileRef = 4812E6141A0A655A006DED82 /* LaunchScreen.xib */; };
		4812E6221A0A655A006DED82 /* TCGGameTests.swift in Sources */ = {isa = PBXBuildFile; fileRef = 4812E6211A0A655A006DED82 /* TCGGameTests.swift */; };
		4812E62F1A0A6B65006DED82 /* Round.swift in Sources */ = {isa = PBXBuildFile; fileRef = 4812E62E1A0A6B65006DED82 /* Round.swift */; };
		4812E6311A0A6B77006DED82 /* RoundState.swift in Sources */ = {isa = PBXBuildFile; fileRef = 4812E6301A0A6B77006DED82 /* RoundState.swift */; };
		4812E6331A0A6B82006DED82 /* RoundAction.swift in Sources */ = {isa = PBXBuildFile; fileRef = 4812E6321A0A6B82006DED82 /* RoundAction.swift */; };
		4812E6351A0A6B8D006DED82 /* RoundTransition.swift in Sources */ = {isa = PBXBuildFile; fileRef = 4812E6341A0A6B8D006DED82 /* RoundTransition.swift */; };
		4812E6391A0A6F7C006DED82 /* RoundActionTypes.swift in Sources */ = {isa = PBXBuildFile; fileRef = 4812E6381A0A6F7C006DED82 /* RoundActionTypes.swift */; };
		4812E63B1A0A715C006DED82 /* RoundPhase.swift in Sources */ = {isa = PBXBuildFile; fileRef = 4812E63A1A0A715C006DED82 /* RoundPhase.swift */; };
		4812E6401A0B7972006DED82 /* GameKit.framework in Frameworks */ = {isa = PBXBuildFile; fileRef = 4812E63F1A0B7972006DED82 /* GameKit.framework */; };
		4812F61A1A974B450078E38B /* ViewThatPassesTouchesThrough.swift in Sources */ = {isa = PBXBuildFile; fileRef = 4812F6191A974B450078E38B /* ViewThatPassesTouchesThrough.swift */; };
		481F63A61A9759790007D135 /* Apache License.txt in Resources */ = {isa = PBXBuildFile; fileRef = 481F639B1A9759790007D135 /* Apache License.txt */; };
		481F63A71A9759790007D135 /* OpenSans-Bold.ttf in Resources */ = {isa = PBXBuildFile; fileRef = 481F639C1A9759790007D135 /* OpenSans-Bold.ttf */; };
		481F63A81A9759790007D135 /* OpenSans-BoldItalic.ttf in Resources */ = {isa = PBXBuildFile; fileRef = 481F639D1A9759790007D135 /* OpenSans-BoldItalic.ttf */; };
		481F63A91A9759790007D135 /* OpenSans-ExtraBold.ttf in Resources */ = {isa = PBXBuildFile; fileRef = 481F639E1A9759790007D135 /* OpenSans-ExtraBold.ttf */; };
		481F63AA1A9759790007D135 /* OpenSans-ExtraBoldItalic.ttf in Resources */ = {isa = PBXBuildFile; fileRef = 481F639F1A9759790007D135 /* OpenSans-ExtraBoldItalic.ttf */; };
		481F63AB1A9759790007D135 /* OpenSans-Italic.ttf in Resources */ = {isa = PBXBuildFile; fileRef = 481F63A01A9759790007D135 /* OpenSans-Italic.ttf */; };
		481F63AC1A9759790007D135 /* OpenSans-Light.ttf in Resources */ = {isa = PBXBuildFile; fileRef = 481F63A11A9759790007D135 /* OpenSans-Light.ttf */; };
		481F63AD1A9759790007D135 /* OpenSans-LightItalic.ttf in Resources */ = {isa = PBXBuildFile; fileRef = 481F63A21A9759790007D135 /* OpenSans-LightItalic.ttf */; };
		481F63AE1A9759790007D135 /* OpenSans-Regular.ttf in Resources */ = {isa = PBXBuildFile; fileRef = 481F63A31A9759790007D135 /* OpenSans-Regular.ttf */; };
		481F63AF1A9759790007D135 /* OpenSans-Semibold.ttf in Resources */ = {isa = PBXBuildFile; fileRef = 481F63A41A9759790007D135 /* OpenSans-Semibold.ttf */; };
		481F63B01A9759790007D135 /* OpenSans-SemiboldItalic.ttf in Resources */ = {isa = PBXBuildFile; fileRef = 481F63A51A9759790007D135 /* OpenSans-SemiboldItalic.ttf */; };
		482EEC3D1A121C7200FB13FF /* SimulateTwoHomeViewControllers.swift in Sources */ = {isa = PBXBuildFile; fileRef = 482EEC3C1A121C7200FB13FF /* SimulateTwoHomeViewControllers.swift */; };
		482EEC401A121C9300FB13FF /* LevelViewController.swift in Sources */ = {isa = PBXBuildFile; fileRef = 482EEC3E1A121C9300FB13FF /* LevelViewController.swift */; };
		482EEC441A123E0B00FB13FF /* Constants.swift in Sources */ = {isa = PBXBuildFile; fileRef = 482EEC431A123E0B00FB13FF /* Constants.swift */; };
		4847D8151A24D99400540223 /* PawnView.swift in Sources */ = {isa = PBXBuildFile; fileRef = 4847D8141A24D99400540223 /* PawnView.swift */; };
		4847D8181A24DA3000540223 /* PawnDefinition.swift in Sources */ = {isa = PBXBuildFile; fileRef = 4847D8171A24DA3000540223 /* PawnDefinition.swift */; };
		4856E58A1A24908100309751 /* BoardView.swift in Sources */ = {isa = PBXBuildFile; fileRef = 4856E5891A24908100309751 /* BoardView.swift */; };
		4856E58C1A24953800309751 /* FieldView.swift in Sources */ = {isa = PBXBuildFile; fileRef = 4856E58B1A24953800309751 /* FieldView.swift */; };
		48591D171A445D7E00D57FDD /* Test Accounts GameCenter TCGGame on GameTogether.rtf in Resources */ = {isa = PBXBuildFile; fileRef = 48591D161A445D7E00D57FDD /* Test Accounts GameCenter TCGGame on GameTogether.rtf */; };
		485E1C761A49AA1F00AC88AC /* kijkknop.json in Resources */ = {isa = PBXBuildFile; fileRef = 485E1C751A49AA1F00AC88AC /* kijkknop.json */; };
		485E1C791A4AFE9000AC88AC /* ButtonToGiveSee.png in Resources */ = {isa = PBXBuildFile; fileRef = 485E1C771A4AFE9000AC88AC /* ButtonToGiveSee.png */; };
		485E1C7A1A4AFE9000AC88AC /* ButtonToGiveMove.png in Resources */ = {isa = PBXBuildFile; fileRef = 485E1C781A4AFE9000AC88AC /* ButtonToGiveMove.png */; };
		485E1C7C1A4C27C400AC88AC /* geefknop.json in Resources */ = {isa = PBXBuildFile; fileRef = 485E1C7B1A4C27C400AC88AC /* geefknop.json */; };
		485E1C811A4C351D00AC88AC /* geefknop_limiet.json in Resources */ = {isa = PBXBuildFile; fileRef = 485E1C7D1A4C351D00AC88AC /* geefknop_limiet.json */; };
		485E1C821A4C351D00AC88AC /* geefkijken.json in Resources */ = {isa = PBXBuildFile; fileRef = 485E1C7E1A4C351D00AC88AC /* geefkijken.json */; };
		485E1C831A4C351D00AC88AC /* communicatie.json in Resources */ = {isa = PBXBuildFile; fileRef = 485E1C7F1A4C351D00AC88AC /* communicatie.json */; };
		485E1C841A4C351D00AC88AC /* communicatie_geven.json in Resources */ = {isa = PBXBuildFile; fileRef = 485E1C801A4C351D00AC88AC /* communicatie_geven.json */; };
		485E1C861A4C3D2A00AC88AC /* communicatie_limiet.json in Resources */ = {isa = PBXBuildFile; fileRef = 485E1C851A4C3D2A00AC88AC /* communicatie_limiet.json */; };
		485E1C8B1A4C3D8300AC88AC /* communicatie_gevenlimiet.json in Resources */ = {isa = PBXBuildFile; fileRef = 485E1C871A4C3D8300AC88AC /* communicatie_gevenlimiet.json */; };
		485E1C8C1A4C3D8300AC88AC /* communicatie_draai.json in Resources */ = {isa = PBXBuildFile; fileRef = 485E1C881A4C3D8300AC88AC /* communicatie_draai.json */; };
		4874D87C1A70F8DE00EE812D /* JvHUIView+Animations.swift in Sources */ = {isa = PBXBuildFile; fileRef = 4874D87B1A70F8DE00EE812D /* JvHUIView+Animations.swift */; };
		4874D87D1A7143B100EE812D /* advanced1.json in Resources */ = {isa = PBXBuildFile; fileRef = 49821A781A696C31008CC491 /* advanced1.json */; };
		489B03451AA608B40068253F /* Message.swift in Sources */ = {isa = PBXBuildFile; fileRef = 489B03441AA608B40068253F /* Message.swift */; };
		489B03471AA60A260068253F /* MessagingHelper.swift in Sources */ = {isa = PBXBuildFile; fileRef = 489B03461AA60A260068253F /* MessagingHelper.swift */; };
		48A02DE61A9F21AB00C49E09 /* InfoViewController.swift in Sources */ = {isa = PBXBuildFile; fileRef = 48A02DE51A9F21AB00C49E09 /* InfoViewController.swift */; };
		48A02DE81A9F226400C49E09 /* htmlInfo.html in Resources */ = {isa = PBXBuildFile; fileRef = 48A02DE71A9F226400C49E09 /* htmlInfo.html */; };
		48A02DEA1A9F247500C49E09 /* JvHGradientView.swift in Sources */ = {isa = PBXBuildFile; fileRef = 48A02DE91A9F247500C49E09 /* JvHGradientView.swift */; };
		48A02DEC1A9F29B400C49E09 /* UIColor+Variations.swift in Sources */ = {isa = PBXBuildFile; fileRef = 48A02DEB1A9F29B400C49E09 /* UIColor+Variations.swift */; };
		48A02DEF1A9F6CCD00C49E09 /* HeaderWithLogo 1000x227.png in Resources */ = {isa = PBXBuildFile; fileRef = 48A02DED1A9F6CCD00C49E09 /* HeaderWithLogo 1000x227.png */; };
		48A02DF01A9F6CCD00C49E09 /* HeaderWithLogo 1000x227@2x.png in Resources */ = {isa = PBXBuildFile; fileRef = 48A02DEE1A9F6CCD00C49E09 /* HeaderWithLogo 1000x227@2x.png */; };
		48A02DF31A9F7DD200C49E09 /* Cross 22x22.png in Resources */ = {isa = PBXBuildFile; fileRef = 48A02DF11A9F7DD200C49E09 /* Cross 22x22.png */; };
		48A02DF41A9F7DD200C49E09 /* Cross 22x22@2x.png in Resources */ = {isa = PBXBuildFile; fileRef = 48A02DF21A9F7DD200C49E09 /* Cross 22x22@2x.png */; };
		48A8F1E71A977182008EE4BA /* LockIcon 30x30.png in Resources */ = {isa = PBXBuildFile; fileRef = 48A8F1E51A977182008EE4BA /* LockIcon 30x30.png */; };
		48A8F1E81A977182008EE4BA /* LockIcon 30x30@2x.png in Resources */ = {isa = PBXBuildFile; fileRef = 48A8F1E61A977182008EE4BA /* LockIcon 30x30@2x.png */; };
		48B1CF511A5EC739008EA4A7 /* Generic State Trajectories.key.pdf in Resources */ = {isa = PBXBuildFile; fileRef = 48B1CF501A5EC739008EA4A7 /* Generic State Trajectories.key.pdf */; };
		48C3C2BC1A695EA1007FBF04 /* Icon_Down 70x70.png in Resources */ = {isa = PBXBuildFile; fileRef = 48C3C2A41A695EA1007FBF04 /* Icon_Down 70x70.png */; };
		48C3C2BD1A695EA1007FBF04 /* Icon_Down 70x70@2x.png in Resources */ = {isa = PBXBuildFile; fileRef = 48C3C2A51A695EA1007FBF04 /* Icon_Down 70x70@2x.png */; };
		48C3C2BE1A695EA1007FBF04 /* Icon_Finish 70x70.png in Resources */ = {isa = PBXBuildFile; fileRef = 48C3C2A61A695EA1007FBF04 /* Icon_Finish 70x70.png */; };
		48C3C2BF1A695EA1007FBF04 /* Icon_Finish 70x70@2x.png in Resources */ = {isa = PBXBuildFile; fileRef = 48C3C2A71A695EA1007FBF04 /* Icon_Finish 70x70@2x.png */; };
		48C3C2C01A695EA1007FBF04 /* Icon_Give 70x70.png in Resources */ = {isa = PBXBuildFile; fileRef = 48C3C2A81A695EA1007FBF04 /* Icon_Give 70x70.png */; };
		48C3C2C11A695EA1007FBF04 /* Icon_Give 70x70@2x.png in Resources */ = {isa = PBXBuildFile; fileRef = 48C3C2A91A695EA1007FBF04 /* Icon_Give 70x70@2x.png */; };
		48C3C2C21A695EA1007FBF04 /* Icon_Home 70x70.png in Resources */ = {isa = PBXBuildFile; fileRef = 48C3C2AA1A695EA1007FBF04 /* Icon_Home 70x70.png */; };
		48C3C2C31A695EA1007FBF04 /* Icon_Home 70x70@2x.png in Resources */ = {isa = PBXBuildFile; fileRef = 48C3C2AB1A695EA1007FBF04 /* Icon_Home 70x70@2x.png */; };
		48C3C2C41A695EA1007FBF04 /* Icon_Left 70x70.png in Resources */ = {isa = PBXBuildFile; fileRef = 48C3C2AC1A695EA1007FBF04 /* Icon_Left 70x70.png */; };
		48C3C2C51A695EA1007FBF04 /* Icon_Left 70x70@2x.png in Resources */ = {isa = PBXBuildFile; fileRef = 48C3C2AD1A695EA1007FBF04 /* Icon_Left 70x70@2x.png */; };
		48C3C2C61A695EA1007FBF04 /* Icon_Move 70x70.png in Resources */ = {isa = PBXBuildFile; fileRef = 48C3C2AE1A695EA1007FBF04 /* Icon_Move 70x70.png */; };
		48C3C2C71A695EA1007FBF04 /* Icon_Move 70x70@2x.png in Resources */ = {isa = PBXBuildFile; fileRef = 48C3C2AF1A695EA1007FBF04 /* Icon_Move 70x70@2x.png */; };
		48C3C2C81A695EA1007FBF04 /* Icon_Retry 70x70.png in Resources */ = {isa = PBXBuildFile; fileRef = 48C3C2B01A695EA1007FBF04 /* Icon_Retry 70x70.png */; };
		48C3C2C91A695EA1007FBF04 /* Icon_Retry 70x70@2x.png in Resources */ = {isa = PBXBuildFile; fileRef = 48C3C2B11A695EA1007FBF04 /* Icon_Retry 70x70@2x.png */; };
		48C3C2CA1A695EA1007FBF04 /* Icon_Right 70x70.png in Resources */ = {isa = PBXBuildFile; fileRef = 48C3C2B21A695EA1007FBF04 /* Icon_Right 70x70.png */; };
		48C3C2CB1A695EA1007FBF04 /* Icon_Right 70x70@2x.png in Resources */ = {isa = PBXBuildFile; fileRef = 48C3C2B31A695EA1007FBF04 /* Icon_Right 70x70@2x.png */; };
		48C3C2CC1A695EA1007FBF04 /* Icon_RotateClockwise 70x70.png in Resources */ = {isa = PBXBuildFile; fileRef = 48C3C2B41A695EA1007FBF04 /* Icon_RotateClockwise 70x70.png */; };
		48C3C2CD1A695EA1007FBF04 /* Icon_RotateClockwise 70x70@2x.png in Resources */ = {isa = PBXBuildFile; fileRef = 48C3C2B51A695EA1007FBF04 /* Icon_RotateClockwise 70x70@2x.png */; };
		48C3C2CE1A695EA1007FBF04 /* Icon_RotateCounterClockwise 70x70.png in Resources */ = {isa = PBXBuildFile; fileRef = 48C3C2B61A695EA1007FBF04 /* Icon_RotateCounterClockwise 70x70.png */; };
		48C3C2CF1A695EA1007FBF04 /* Icon_RotateCounterClockwise 70x70@2x.png in Resources */ = {isa = PBXBuildFile; fileRef = 48C3C2B71A695EA1007FBF04 /* Icon_RotateCounterClockwise 70x70@2x.png */; };
		48C3C2D01A695EA1007FBF04 /* Icon_See 70x70.png in Resources */ = {isa = PBXBuildFile; fileRef = 48C3C2B81A695EA1007FBF04 /* Icon_See 70x70.png */; };
		48C3C2D11A695EA1007FBF04 /* Icon_See 70x70@2x.png in Resources */ = {isa = PBXBuildFile; fileRef = 48C3C2B91A695EA1007FBF04 /* Icon_See 70x70@2x.png */; };
		48C3C2D21A695EA1007FBF04 /* Icon_Up 70x70.png in Resources */ = {isa = PBXBuildFile; fileRef = 48C3C2BA1A695EA1007FBF04 /* Icon_Up 70x70.png */; };
		48C3C2D31A695EA1007FBF04 /* Icon_Up 70x70@2x.png in Resources */ = {isa = PBXBuildFile; fileRef = 48C3C2BB1A695EA1007FBF04 /* Icon_Up 70x70@2x.png */; };
		48C4A0B51A97A41A0034D878 /* Info 24x24.png in Resources */ = {isa = PBXBuildFile; fileRef = 48C4A0B31A97A41A0034D878 /* Info 24x24.png */; };
		48C4A0B61A97A41A0034D878 /* Info 24x24@2x.png in Resources */ = {isa = PBXBuildFile; fileRef = 48C4A0B41A97A41A0034D878 /* Info 24x24@2x.png */; };
		48CC18791A9DCF6700892CAD /* ProgressView.swift in Sources */ = {isa = PBXBuildFile; fileRef = 48CC18781A9DCF6700892CAD /* ProgressView.swift */; };
		48D19EB71A48A91B0072524E /* SmallCheckMark.png in Resources */ = {isa = PBXBuildFile; fileRef = 48D19EB51A48A91B0072524E /* SmallCheckMark.png */; };
		48D19EB81A48A91B0072524E /* SmallCross.png in Resources */ = {isa = PBXBuildFile; fileRef = 48D19EB61A48A91B0072524E /* SmallCross.png */; };
		48D70C421A725D0E0087B938 /* Test Accounts GameCenter TCGGame on RU.rtf in Resources */ = {isa = PBXBuildFile; fileRef = 48D70C411A725D0E0087B938 /* Test Accounts GameCenter TCGGame on RU.rtf */; };
		48DF63A01A39ECF800941BDA /* PassControlBackAndForth.swift in Sources */ = {isa = PBXBuildFile; fileRef = 496F60871A39E3BD000FD142 /* PassControlBackAndForth.swift */; };
		48DF63A31A39FE6500941BDA /* HandyFunctions.swift in Sources */ = {isa = PBXBuildFile; fileRef = 48DF63A21A39FE6500941BDA /* HandyFunctions.swift */; };
		48DF9E1F1A73F76A00624C80 /* JvHClosureBasedTimer.swift in Sources */ = {isa = PBXBuildFile; fileRef = 48DF9E1E1A73F76A00624C80 /* JvHClosureBasedTimer.swift */; };
		48EDD3421AA0ADBC00953628 /* HelpIcon 21x21.png in Resources */ = {isa = PBXBuildFile; fileRef = 48EDD3401AA0ADBC00953628 /* HelpIcon 21x21.png */; };
		48EDD3431AA0ADBC00953628 /* HelpIcon 21x21@2x.png in Resources */ = {isa = PBXBuildFile; fileRef = 48EDD3411AA0ADBC00953628 /* HelpIcon 21x21@2x.png */; };
		48EDD3461AA0AE9E00953628 /* HelpIcon 16x16.png in Resources */ = {isa = PBXBuildFile; fileRef = 48EDD3441AA0AE9E00953628 /* HelpIcon 16x16.png */; };
		48EDD3471AA0AE9E00953628 /* HelpIcon 16x16@2x.png in Resources */ = {isa = PBXBuildFile; fileRef = 48EDD3451AA0AE9E00953628 /* HelpIcon 16x16@2x.png */; };
		491293061A30B4DA00E0A554 /* ChooseLevelViewController.swift in Sources */ = {isa = PBXBuildFile; fileRef = 491293051A30B4D900E0A554 /* ChooseLevelViewController.swift */; };
		4940291B1A399EA400449754 /* beweeg.json in Resources */ = {isa = PBXBuildFile; fileRef = 4940291A1A399EA400449754 /* beweeg.json */; };
		4940291D1A399ED400449754 /* beweegver.json in Resources */ = {isa = PBXBuildFile; fileRef = 4940291C1A399ED400449754 /* beweegver.json */; };
		4940291F1A399EF200449754 /* draai.json in Resources */ = {isa = PBXBuildFile; fileRef = 4940291E1A399EF200449754 /* draai.json */; };
		494029211A399F0900449754 /* beweegknop.json in Resources */ = {isa = PBXBuildFile; fileRef = 494029201A399F0900449754 /* beweegknop.json */; };
		496F60881A39E3BD000FD142 /* PassControlBackAndForth.swift in Resources */ = {isa = PBXBuildFile; fileRef = 496F60871A39E3BD000FD142 /* PassControlBackAndForth.swift */; };
		49821A771A695C5A008CC491 /* HomeViewController.swift in Sources */ = {isa = PBXBuildFile; fileRef = 49821A761A695C5A008CC491 /* HomeViewController.swift */; };
		49821A7D1A696CD7008CC491 /* expert1.json in Resources */ = {isa = PBXBuildFile; fileRef = 49821A7C1A696CD7008CC491 /* expert1.json */; };
		49BB4E561A5691B400C93C26 /* LevelTemplate.swift in Sources */ = {isa = PBXBuildFile; fileRef = 49BB4E551A5691B400C93C26 /* LevelTemplate.swift */; };
		49D87FF51A56D2DB00455DA8 /* test.json in Resources */ = {isa = PBXBuildFile; fileRef = 49D87FF41A56D2DB00455DA8 /* test.json */; };
		49E83DA61A2714EC006952EE /* Game.swift in Sources */ = {isa = PBXBuildFile; fileRef = 49E83DA51A2714EC006952EE /* Game.swift */; };
		49E83DA81A271A48006952EE /* Level.swift in Sources */ = {isa = PBXBuildFile; fileRef = 49E83DA71A271A48006952EE /* Level.swift */; };
		49E83DAA1A271A8D006952EE /* BoardDefinition.swift in Sources */ = {isa = PBXBuildFile; fileRef = 49E83DA91A271A8D006952EE /* BoardDefinition.swift */; };
		49E83DAC1A271F23006952EE /* PawnConfiguration.swift in Sources */ = {isa = PBXBuildFile; fileRef = 49E83DAB1A271F23006952EE /* PawnConfiguration.swift */; };
		49E83DAE1A272293006952EE /* ItemDefinition.swift in Sources */ = {isa = PBXBuildFile; fileRef = 49E83DAD1A272293006952EE /* ItemDefinition.swift */; };
/* End PBXBuildFile section */

/* Begin PBXContainerItemProxy section */
		4812E61C1A0A655A006DED82 /* PBXContainerItemProxy */ = {
			isa = PBXContainerItemProxy;
			containerPortal = 4812E5FE1A0A655A006DED82 /* Project object */;
			proxyType = 1;
			remoteGlobalIDString = 4812E6051A0A655A006DED82;
			remoteInfo = TCGGame;
		};
/* End PBXContainerItemProxy section */

/* Begin PBXFileReference section */
		4812E6061A0A655A006DED82 /* TCGGame.app */ = {isa = PBXFileReference; explicitFileType = wrapper.application; includeInIndex = 0; path = TCGGame.app; sourceTree = BUILT_PRODUCTS_DIR; };
		4812E60A1A0A655A006DED82 /* Info.plist */ = {isa = PBXFileReference; lastKnownFileType = text.plist.xml; path = Info.plist; sourceTree = "<group>"; };
		4812E60B1A0A655A006DED82 /* AppDelegate.swift */ = {isa = PBXFileReference; lastKnownFileType = sourcecode.swift; path = AppDelegate.swift; sourceTree = "<group>"; };
		4812E60D1A0A655A006DED82 /* ViewController.swift */ = {isa = PBXFileReference; lastKnownFileType = sourcecode.swift; path = ViewController.swift; sourceTree = "<group>"; };
		4812E6101A0A655A006DED82 /* Base */ = {isa = PBXFileReference; lastKnownFileType = file.storyboard; name = Base; path = Base.lproj/Main.storyboard; sourceTree = "<group>"; };
		4812E6121A0A655A006DED82 /* Images.xcassets */ = {isa = PBXFileReference; lastKnownFileType = folder.assetcatalog; path = Images.xcassets; sourceTree = "<group>"; };
		4812E6151A0A655A006DED82 /* Base */ = {isa = PBXFileReference; lastKnownFileType = file.xib; name = Base; path = Base.lproj/LaunchScreen.xib; sourceTree = "<group>"; };
		4812E61B1A0A655A006DED82 /* TCGGameTests.xctest */ = {isa = PBXFileReference; explicitFileType = wrapper.cfbundle; includeInIndex = 0; path = TCGGameTests.xctest; sourceTree = BUILT_PRODUCTS_DIR; };
		4812E6201A0A655A006DED82 /* Info.plist */ = {isa = PBXFileReference; lastKnownFileType = text.plist.xml; path = Info.plist; sourceTree = "<group>"; };
		4812E6211A0A655A006DED82 /* TCGGameTests.swift */ = {isa = PBXFileReference; lastKnownFileType = sourcecode.swift; path = TCGGameTests.swift; sourceTree = "<group>"; };
		4812E62E1A0A6B65006DED82 /* Round.swift */ = {isa = PBXFileReference; fileEncoding = 4; lastKnownFileType = sourcecode.swift; path = Round.swift; sourceTree = "<group>"; };
		4812E6301A0A6B77006DED82 /* RoundState.swift */ = {isa = PBXFileReference; fileEncoding = 4; lastKnownFileType = sourcecode.swift; path = RoundState.swift; sourceTree = "<group>"; };
		4812E6321A0A6B82006DED82 /* RoundAction.swift */ = {isa = PBXFileReference; fileEncoding = 4; lastKnownFileType = sourcecode.swift; path = RoundAction.swift; sourceTree = "<group>"; };
		4812E6341A0A6B8D006DED82 /* RoundTransition.swift */ = {isa = PBXFileReference; fileEncoding = 4; lastKnownFileType = sourcecode.swift; path = RoundTransition.swift; sourceTree = "<group>"; };
		4812E6381A0A6F7C006DED82 /* RoundActionTypes.swift */ = {isa = PBXFileReference; fileEncoding = 4; lastKnownFileType = sourcecode.swift; path = RoundActionTypes.swift; sourceTree = "<group>"; };
		4812E63A1A0A715C006DED82 /* RoundPhase.swift */ = {isa = PBXFileReference; fileEncoding = 4; lastKnownFileType = sourcecode.swift; path = RoundPhase.swift; sourceTree = "<group>"; };
		4812E63F1A0B7972006DED82 /* GameKit.framework */ = {isa = PBXFileReference; lastKnownFileType = wrapper.framework; name = GameKit.framework; path = System/Library/Frameworks/GameKit.framework; sourceTree = SDKROOT; };
		4812F6191A974B450078E38B /* ViewThatPassesTouchesThrough.swift */ = {isa = PBXFileReference; fileEncoding = 4; lastKnownFileType = sourcecode.swift; path = ViewThatPassesTouchesThrough.swift; sourceTree = "<group>"; };
		481F639B1A9759790007D135 /* Apache License.txt */ = {isa = PBXFileReference; fileEncoding = 4; lastKnownFileType = text; path = "Apache License.txt"; sourceTree = "<group>"; };
		481F639C1A9759790007D135 /* OpenSans-Bold.ttf */ = {isa = PBXFileReference; lastKnownFileType = file; path = "OpenSans-Bold.ttf"; sourceTree = "<group>"; };
		481F639D1A9759790007D135 /* OpenSans-BoldItalic.ttf */ = {isa = PBXFileReference; lastKnownFileType = file; path = "OpenSans-BoldItalic.ttf"; sourceTree = "<group>"; };
		481F639E1A9759790007D135 /* OpenSans-ExtraBold.ttf */ = {isa = PBXFileReference; lastKnownFileType = file; path = "OpenSans-ExtraBold.ttf"; sourceTree = "<group>"; };
		481F639F1A9759790007D135 /* OpenSans-ExtraBoldItalic.ttf */ = {isa = PBXFileReference; lastKnownFileType = file; path = "OpenSans-ExtraBoldItalic.ttf"; sourceTree = "<group>"; };
		481F63A01A9759790007D135 /* OpenSans-Italic.ttf */ = {isa = PBXFileReference; lastKnownFileType = file; path = "OpenSans-Italic.ttf"; sourceTree = "<group>"; };
		481F63A11A9759790007D135 /* OpenSans-Light.ttf */ = {isa = PBXFileReference; lastKnownFileType = file; path = "OpenSans-Light.ttf"; sourceTree = "<group>"; };
		481F63A21A9759790007D135 /* OpenSans-LightItalic.ttf */ = {isa = PBXFileReference; lastKnownFileType = file; path = "OpenSans-LightItalic.ttf"; sourceTree = "<group>"; };
		481F63A31A9759790007D135 /* OpenSans-Regular.ttf */ = {isa = PBXFileReference; lastKnownFileType = file; path = "OpenSans-Regular.ttf"; sourceTree = "<group>"; };
		481F63A41A9759790007D135 /* OpenSans-Semibold.ttf */ = {isa = PBXFileReference; lastKnownFileType = file; path = "OpenSans-Semibold.ttf"; sourceTree = "<group>"; };
		481F63A51A9759790007D135 /* OpenSans-SemiboldItalic.ttf */ = {isa = PBXFileReference; lastKnownFileType = file; path = "OpenSans-SemiboldItalic.ttf"; sourceTree = "<group>"; };
		482EEC3C1A121C7200FB13FF /* SimulateTwoHomeViewControllers.swift */ = {isa = PBXFileReference; fileEncoding = 4; lastKnownFileType = sourcecode.swift; path = SimulateTwoHomeViewControllers.swift; sourceTree = "<group>"; };
		482EEC3E1A121C9300FB13FF /* LevelViewController.swift */ = {isa = PBXFileReference; fileEncoding = 4; lastKnownFileType = sourcecode.swift; path = LevelViewController.swift; sourceTree = "<group>"; };
		482EEC431A123E0B00FB13FF /* Constants.swift */ = {isa = PBXFileReference; fileEncoding = 4; lastKnownFileType = sourcecode.swift; path = Constants.swift; sourceTree = "<group>"; };
		4847D8141A24D99400540223 /* PawnView.swift */ = {isa = PBXFileReference; fileEncoding = 4; lastKnownFileType = sourcecode.swift; path = PawnView.swift; sourceTree = "<group>"; };
		4847D8171A24DA3000540223 /* PawnDefinition.swift */ = {isa = PBXFileReference; fileEncoding = 4; lastKnownFileType = sourcecode.swift; path = PawnDefinition.swift; sourceTree = "<group>"; };
		4856E5891A24908100309751 /* BoardView.swift */ = {isa = PBXFileReference; fileEncoding = 4; lastKnownFileType = sourcecode.swift; path = BoardView.swift; sourceTree = "<group>"; };
		4856E58B1A24953800309751 /* FieldView.swift */ = {isa = PBXFileReference; fileEncoding = 4; lastKnownFileType = sourcecode.swift; path = FieldView.swift; sourceTree = "<group>"; };
		48591D161A445D7E00D57FDD /* Test Accounts GameCenter TCGGame on GameTogether.rtf */ = {isa = PBXFileReference; fileEncoding = 4; lastKnownFileType = text.rtf; path = "Test Accounts GameCenter TCGGame on GameTogether.rtf"; sourceTree = "<group>"; };
		485E1C751A49AA1F00AC88AC /* kijkknop.json */ = {isa = PBXFileReference; fileEncoding = 4; lastKnownFileType = text.json; path = kijkknop.json; sourceTree = "<group>"; };
		485E1C771A4AFE9000AC88AC /* ButtonToGiveSee.png */ = {isa = PBXFileReference; lastKnownFileType = image.png; path = ButtonToGiveSee.png; sourceTree = "<group>"; };
		485E1C781A4AFE9000AC88AC /* ButtonToGiveMove.png */ = {isa = PBXFileReference; lastKnownFileType = image.png; path = ButtonToGiveMove.png; sourceTree = "<group>"; };
		485E1C7B1A4C27C400AC88AC /* geefknop.json */ = {isa = PBXFileReference; fileEncoding = 4; lastKnownFileType = text.json; path = geefknop.json; sourceTree = "<group>"; };
		485E1C7D1A4C351D00AC88AC /* geefknop_limiet.json */ = {isa = PBXFileReference; fileEncoding = 4; lastKnownFileType = text.json; path = geefknop_limiet.json; sourceTree = "<group>"; };
		485E1C7E1A4C351D00AC88AC /* geefkijken.json */ = {isa = PBXFileReference; fileEncoding = 4; lastKnownFileType = text.json; path = geefkijken.json; sourceTree = "<group>"; };
		485E1C7F1A4C351D00AC88AC /* communicatie.json */ = {isa = PBXFileReference; fileEncoding = 4; lastKnownFileType = text.json; path = communicatie.json; sourceTree = "<group>"; };
		485E1C801A4C351D00AC88AC /* communicatie_geven.json */ = {isa = PBXFileReference; fileEncoding = 4; lastKnownFileType = text.json; path = communicatie_geven.json; sourceTree = "<group>"; };
		485E1C851A4C3D2A00AC88AC /* communicatie_limiet.json */ = {isa = PBXFileReference; fileEncoding = 4; lastKnownFileType = text.json; path = communicatie_limiet.json; sourceTree = "<group>"; };
		485E1C871A4C3D8300AC88AC /* communicatie_gevenlimiet.json */ = {isa = PBXFileReference; fileEncoding = 4; lastKnownFileType = text.json; path = communicatie_gevenlimiet.json; sourceTree = "<group>"; };
		485E1C881A4C3D8300AC88AC /* communicatie_draai.json */ = {isa = PBXFileReference; fileEncoding = 4; lastKnownFileType = text.json; path = communicatie_draai.json; sourceTree = "<group>"; };
		4874D87B1A70F8DE00EE812D /* JvHUIView+Animations.swift */ = {isa = PBXFileReference; fileEncoding = 4; lastKnownFileType = sourcecode.swift; path = "JvHUIView+Animations.swift"; sourceTree = "<group>"; };
		489B03441AA608B40068253F /* Message.swift */ = {isa = PBXFileReference; fileEncoding = 4; lastKnownFileType = sourcecode.swift; path = Message.swift; sourceTree = "<group>"; };
		489B03461AA60A260068253F /* MessagingHelper.swift */ = {isa = PBXFileReference; fileEncoding = 4; lastKnownFileType = sourcecode.swift; path = MessagingHelper.swift; sourceTree = "<group>"; };
		48A02DE51A9F21AB00C49E09 /* InfoViewController.swift */ = {isa = PBXFileReference; fileEncoding = 4; lastKnownFileType = sourcecode.swift; path = InfoViewController.swift; sourceTree = "<group>"; };
		48A02DE71A9F226400C49E09 /* htmlInfo.html */ = {isa = PBXFileReference; fileEncoding = 4; lastKnownFileType = text.html; path = htmlInfo.html; sourceTree = "<group>"; };
		48A02DE91A9F247500C49E09 /* JvHGradientView.swift */ = {isa = PBXFileReference; fileEncoding = 4; lastKnownFileType = sourcecode.swift; path = JvHGradientView.swift; sourceTree = "<group>"; };
		48A02DEB1A9F29B400C49E09 /* UIColor+Variations.swift */ = {isa = PBXFileReference; fileEncoding = 4; lastKnownFileType = sourcecode.swift; path = "UIColor+Variations.swift"; sourceTree = "<group>"; };
		48A02DED1A9F6CCD00C49E09 /* HeaderWithLogo 1000x227.png */ = {isa = PBXFileReference; lastKnownFileType = image.png; path = "HeaderWithLogo 1000x227.png"; sourceTree = "<group>"; };
		48A02DEE1A9F6CCD00C49E09 /* HeaderWithLogo 1000x227@2x.png */ = {isa = PBXFileReference; lastKnownFileType = image.png; path = "HeaderWithLogo 1000x227@2x.png"; sourceTree = "<group>"; };
		48A02DF11A9F7DD200C49E09 /* Cross 22x22.png */ = {isa = PBXFileReference; lastKnownFileType = image.png; path = "Cross 22x22.png"; sourceTree = "<group>"; };
		48A02DF21A9F7DD200C49E09 /* Cross 22x22@2x.png */ = {isa = PBXFileReference; lastKnownFileType = image.png; path = "Cross 22x22@2x.png"; sourceTree = "<group>"; };
		48A8F1E51A977182008EE4BA /* LockIcon 30x30.png */ = {isa = PBXFileReference; lastKnownFileType = image.png; path = "LockIcon 30x30.png"; sourceTree = "<group>"; };
		48A8F1E61A977182008EE4BA /* LockIcon 30x30@2x.png */ = {isa = PBXFileReference; lastKnownFileType = image.png; path = "LockIcon 30x30@2x.png"; sourceTree = "<group>"; };
		48B1CF501A5EC739008EA4A7 /* Generic State Trajectories.key.pdf */ = {isa = PBXFileReference; lastKnownFileType = image.pdf; path = "Generic State Trajectories.key.pdf"; sourceTree = "<group>"; };
		48C3C2A41A695EA1007FBF04 /* Icon_Down 70x70.png */ = {isa = PBXFileReference; lastKnownFileType = image.png; path = "Icon_Down 70x70.png"; sourceTree = "<group>"; };
		48C3C2A51A695EA1007FBF04 /* Icon_Down 70x70@2x.png */ = {isa = PBXFileReference; lastKnownFileType = image.png; path = "Icon_Down 70x70@2x.png"; sourceTree = "<group>"; };
		48C3C2A61A695EA1007FBF04 /* Icon_Finish 70x70.png */ = {isa = PBXFileReference; lastKnownFileType = image.png; path = "Icon_Finish 70x70.png"; sourceTree = "<group>"; };
		48C3C2A71A695EA1007FBF04 /* Icon_Finish 70x70@2x.png */ = {isa = PBXFileReference; lastKnownFileType = image.png; path = "Icon_Finish 70x70@2x.png"; sourceTree = "<group>"; };
		48C3C2A81A695EA1007FBF04 /* Icon_Give 70x70.png */ = {isa = PBXFileReference; lastKnownFileType = image.png; path = "Icon_Give 70x70.png"; sourceTree = "<group>"; };
		48C3C2A91A695EA1007FBF04 /* Icon_Give 70x70@2x.png */ = {isa = PBXFileReference; lastKnownFileType = image.png; path = "Icon_Give 70x70@2x.png"; sourceTree = "<group>"; };
		48C3C2AA1A695EA1007FBF04 /* Icon_Home 70x70.png */ = {isa = PBXFileReference; lastKnownFileType = image.png; path = "Icon_Home 70x70.png"; sourceTree = "<group>"; };
		48C3C2AB1A695EA1007FBF04 /* Icon_Home 70x70@2x.png */ = {isa = PBXFileReference; lastKnownFileType = image.png; path = "Icon_Home 70x70@2x.png"; sourceTree = "<group>"; };
		48C3C2AC1A695EA1007FBF04 /* Icon_Left 70x70.png */ = {isa = PBXFileReference; lastKnownFileType = image.png; path = "Icon_Left 70x70.png"; sourceTree = "<group>"; };
		48C3C2AD1A695EA1007FBF04 /* Icon_Left 70x70@2x.png */ = {isa = PBXFileReference; lastKnownFileType = image.png; path = "Icon_Left 70x70@2x.png"; sourceTree = "<group>"; };
		48C3C2AE1A695EA1007FBF04 /* Icon_Move 70x70.png */ = {isa = PBXFileReference; lastKnownFileType = image.png; path = "Icon_Move 70x70.png"; sourceTree = "<group>"; };
		48C3C2AF1A695EA1007FBF04 /* Icon_Move 70x70@2x.png */ = {isa = PBXFileReference; lastKnownFileType = image.png; path = "Icon_Move 70x70@2x.png"; sourceTree = "<group>"; };
		48C3C2B01A695EA1007FBF04 /* Icon_Retry 70x70.png */ = {isa = PBXFileReference; lastKnownFileType = image.png; path = "Icon_Retry 70x70.png"; sourceTree = "<group>"; };
		48C3C2B11A695EA1007FBF04 /* Icon_Retry 70x70@2x.png */ = {isa = PBXFileReference; lastKnownFileType = image.png; path = "Icon_Retry 70x70@2x.png"; sourceTree = "<group>"; };
		48C3C2B21A695EA1007FBF04 /* Icon_Right 70x70.png */ = {isa = PBXFileReference; lastKnownFileType = image.png; path = "Icon_Right 70x70.png"; sourceTree = "<group>"; };
		48C3C2B31A695EA1007FBF04 /* Icon_Right 70x70@2x.png */ = {isa = PBXFileReference; lastKnownFileType = image.png; path = "Icon_Right 70x70@2x.png"; sourceTree = "<group>"; };
		48C3C2B41A695EA1007FBF04 /* Icon_RotateClockwise 70x70.png */ = {isa = PBXFileReference; lastKnownFileType = image.png; path = "Icon_RotateClockwise 70x70.png"; sourceTree = "<group>"; };
		48C3C2B51A695EA1007FBF04 /* Icon_RotateClockwise 70x70@2x.png */ = {isa = PBXFileReference; lastKnownFileType = image.png; path = "Icon_RotateClockwise 70x70@2x.png"; sourceTree = "<group>"; };
		48C3C2B61A695EA1007FBF04 /* Icon_RotateCounterClockwise 70x70.png */ = {isa = PBXFileReference; lastKnownFileType = image.png; path = "Icon_RotateCounterClockwise 70x70.png"; sourceTree = "<group>"; };
		48C3C2B71A695EA1007FBF04 /* Icon_RotateCounterClockwise 70x70@2x.png */ = {isa = PBXFileReference; lastKnownFileType = image.png; path = "Icon_RotateCounterClockwise 70x70@2x.png"; sourceTree = "<group>"; };
		48C3C2B81A695EA1007FBF04 /* Icon_See 70x70.png */ = {isa = PBXFileReference; lastKnownFileType = image.png; path = "Icon_See 70x70.png"; sourceTree = "<group>"; };
		48C3C2B91A695EA1007FBF04 /* Icon_See 70x70@2x.png */ = {isa = PBXFileReference; lastKnownFileType = image.png; path = "Icon_See 70x70@2x.png"; sourceTree = "<group>"; };
		48C3C2BA1A695EA1007FBF04 /* Icon_Up 70x70.png */ = {isa = PBXFileReference; lastKnownFileType = image.png; path = "Icon_Up 70x70.png"; sourceTree = "<group>"; };
		48C3C2BB1A695EA1007FBF04 /* Icon_Up 70x70@2x.png */ = {isa = PBXFileReference; lastKnownFileType = image.png; path = "Icon_Up 70x70@2x.png"; sourceTree = "<group>"; };
		48C4A0B31A97A41A0034D878 /* Info 24x24.png */ = {isa = PBXFileReference; lastKnownFileType = image.png; path = "Info 24x24.png"; sourceTree = "<group>"; };
		48C4A0B41A97A41A0034D878 /* Info 24x24@2x.png */ = {isa = PBXFileReference; lastKnownFileType = image.png; path = "Info 24x24@2x.png"; sourceTree = "<group>"; };
		48CC18781A9DCF6700892CAD /* ProgressView.swift */ = {isa = PBXFileReference; fileEncoding = 4; lastKnownFileType = sourcecode.swift; path = ProgressView.swift; sourceTree = "<group>"; };
		48D19EB51A48A91B0072524E /* SmallCheckMark.png */ = {isa = PBXFileReference; lastKnownFileType = image.png; path = SmallCheckMark.png; sourceTree = "<group>"; };
		48D19EB61A48A91B0072524E /* SmallCross.png */ = {isa = PBXFileReference; lastKnownFileType = image.png; path = SmallCross.png; sourceTree = "<group>"; };
		48D70C411A725D0E0087B938 /* Test Accounts GameCenter TCGGame on RU.rtf */ = {isa = PBXFileReference; fileEncoding = 4; lastKnownFileType = text.rtf; path = "Test Accounts GameCenter TCGGame on RU.rtf"; sourceTree = "<group>"; };
		48DF63A21A39FE6500941BDA /* HandyFunctions.swift */ = {isa = PBXFileReference; fileEncoding = 4; lastKnownFileType = sourcecode.swift; path = HandyFunctions.swift; sourceTree = "<group>"; };
		48DF9E1E1A73F76A00624C80 /* JvHClosureBasedTimer.swift */ = {isa = PBXFileReference; fileEncoding = 4; lastKnownFileType = sourcecode.swift; path = JvHClosureBasedTimer.swift; sourceTree = "<group>"; };
		48EDD3401AA0ADBC00953628 /* HelpIcon 21x21.png */ = {isa = PBXFileReference; lastKnownFileType = image.png; path = "HelpIcon 21x21.png"; sourceTree = "<group>"; };
		48EDD3411AA0ADBC00953628 /* HelpIcon 21x21@2x.png */ = {isa = PBXFileReference; lastKnownFileType = image.png; path = "HelpIcon 21x21@2x.png"; sourceTree = "<group>"; };
		48EDD3441AA0AE9E00953628 /* HelpIcon 16x16.png */ = {isa = PBXFileReference; lastKnownFileType = image.png; path = "HelpIcon 16x16.png"; sourceTree = "<group>"; };
		48EDD3451AA0AE9E00953628 /* HelpIcon 16x16@2x.png */ = {isa = PBXFileReference; lastKnownFileType = image.png; path = "HelpIcon 16x16@2x.png"; sourceTree = "<group>"; };
		491293051A30B4D900E0A554 /* ChooseLevelViewController.swift */ = {isa = PBXFileReference; fileEncoding = 4; lastKnownFileType = sourcecode.swift; path = ChooseLevelViewController.swift; sourceTree = "<group>"; };
		4940291A1A399EA400449754 /* beweeg.json */ = {isa = PBXFileReference; fileEncoding = 4; lastKnownFileType = text.json; path = beweeg.json; sourceTree = "<group>"; };
		4940291C1A399ED400449754 /* beweegver.json */ = {isa = PBXFileReference; fileEncoding = 4; lastKnownFileType = text.json; path = beweegver.json; sourceTree = "<group>"; };
		4940291E1A399EF200449754 /* draai.json */ = {isa = PBXFileReference; fileEncoding = 4; lastKnownFileType = text.json; path = draai.json; sourceTree = "<group>"; };
		494029201A399F0900449754 /* beweegknop.json */ = {isa = PBXFileReference; fileEncoding = 4; lastKnownFileType = text.json; path = beweegknop.json; sourceTree = "<group>"; };
		496F60871A39E3BD000FD142 /* PassControlBackAndForth.swift */ = {isa = PBXFileReference; fileEncoding = 4; lastKnownFileType = sourcecode.swift; path = PassControlBackAndForth.swift; sourceTree = "<group>"; };
		49821A761A695C5A008CC491 /* HomeViewController.swift */ = {isa = PBXFileReference; fileEncoding = 4; lastKnownFileType = sourcecode.swift; path = HomeViewController.swift; sourceTree = "<group>"; };
		49821A781A696C31008CC491 /* advanced1.json */ = {isa = PBXFileReference; fileEncoding = 4; lastKnownFileType = text.json; path = advanced1.json; sourceTree = "<group>"; };
		49821A7C1A696CD7008CC491 /* expert1.json */ = {isa = PBXFileReference; fileEncoding = 4; lastKnownFileType = text.json; path = expert1.json; sourceTree = "<group>"; };
		49BB4E551A5691B400C93C26 /* LevelTemplate.swift */ = {isa = PBXFileReference; fileEncoding = 4; lastKnownFileType = sourcecode.swift; path = LevelTemplate.swift; sourceTree = "<group>"; };
		49D87FF41A56D2DB00455DA8 /* test.json */ = {isa = PBXFileReference; fileEncoding = 4; lastKnownFileType = text.json; path = test.json; sourceTree = "<group>"; };
		49E83DA51A2714EC006952EE /* Game.swift */ = {isa = PBXFileReference; fileEncoding = 4; lastKnownFileType = sourcecode.swift; path = Game.swift; sourceTree = "<group>"; };
		49E83DA71A271A48006952EE /* Level.swift */ = {isa = PBXFileReference; fileEncoding = 4; lastKnownFileType = sourcecode.swift; path = Level.swift; sourceTree = "<group>"; };
		49E83DA91A271A8D006952EE /* BoardDefinition.swift */ = {isa = PBXFileReference; fileEncoding = 4; lastKnownFileType = sourcecode.swift; path = BoardDefinition.swift; sourceTree = "<group>"; };
		49E83DAB1A271F23006952EE /* PawnConfiguration.swift */ = {isa = PBXFileReference; fileEncoding = 4; lastKnownFileType = sourcecode.swift; path = PawnConfiguration.swift; sourceTree = "<group>"; };
		49E83DAD1A272293006952EE /* ItemDefinition.swift */ = {isa = PBXFileReference; fileEncoding = 4; lastKnownFileType = sourcecode.swift; path = ItemDefinition.swift; sourceTree = "<group>"; };
/* End PBXFileReference section */

/* Begin PBXFrameworksBuildPhase section */
		4812E6031A0A655A006DED82 /* Frameworks */ = {
			isa = PBXFrameworksBuildPhase;
			buildActionMask = 2147483647;
			files = (
				4812E6401A0B7972006DED82 /* GameKit.framework in Frameworks */,
			);
			runOnlyForDeploymentPostprocessing = 0;
		};
		4812E6181A0A655A006DED82 /* Frameworks */ = {
			isa = PBXFrameworksBuildPhase;
			buildActionMask = 2147483647;
			files = (
			);
			runOnlyForDeploymentPostprocessing = 0;
		};
/* End PBXFrameworksBuildPhase section */

/* Begin PBXGroup section */
		4812E5FD1A0A655A006DED82 = {
			isa = PBXGroup;
			children = (
				48D70C411A725D0E0087B938 /* Test Accounts GameCenter TCGGame on RU.rtf */,
				48591D161A445D7E00D57FDD /* Test Accounts GameCenter TCGGame on GameTogether.rtf */,
				48B1CF501A5EC739008EA4A7 /* Generic State Trajectories.key.pdf */,
				4812E63F1A0B7972006DED82 /* GameKit.framework */,
				4812E6081A0A655A006DED82 /* TCGGame */,
				4812E61E1A0A655A006DED82 /* TCGGameTests */,
				4812E6071A0A655A006DED82 /* Products */,
			);
			sourceTree = "<group>";
		};
		4812E6071A0A655A006DED82 /* Products */ = {
			isa = PBXGroup;
			children = (
				4812E6061A0A655A006DED82 /* TCGGame.app */,
				4812E61B1A0A655A006DED82 /* TCGGameTests.xctest */,
			);
			name = Products;
			sourceTree = "<group>";
		};
		4812E6081A0A655A006DED82 /* TCGGame */ = {
			isa = PBXGroup;
			children = (
				482EEC431A123E0B00FB13FF /* Constants.swift */,
				48B2C2D51A248CD6002FFEDF /* Resources */,
				4812E60B1A0A655A006DED82 /* AppDelegate.swift */,
				48DF63A11A39FE4E00941BDA /* Handy stuff */,
				4812E62D1A0A6AFE006DED82 /* Controllers */,
				4812E62C1A0A6AF1006DED82 /* Views */,
				4812E62B1A0A6AEA006DED82 /* Model */,
				4812E6121A0A655A006DED82 /* Images.xcassets */,
				4812E6141A0A655A006DED82 /* LaunchScreen.xib */,
				4812E6091A0A655A006DED82 /* Supporting Files */,
			);
			path = TCGGame;
			sourceTree = "<group>";
		};
		4812E6091A0A655A006DED82 /* Supporting Files */ = {
			isa = PBXGroup;
			children = (
				4812E60A1A0A655A006DED82 /* Info.plist */,
			);
			name = "Supporting Files";
			sourceTree = "<group>";
		};
		4812E61E1A0A655A006DED82 /* TCGGameTests */ = {
			isa = PBXGroup;
			children = (
				4812E6211A0A655A006DED82 /* TCGGameTests.swift */,
				4812E61F1A0A655A006DED82 /* Supporting Files */,
			);
			path = TCGGameTests;
			sourceTree = "<group>";
		};
		4812E61F1A0A655A006DED82 /* Supporting Files */ = {
			isa = PBXGroup;
			children = (
				4812E6201A0A655A006DED82 /* Info.plist */,
			);
			name = "Supporting Files";
			sourceTree = "<group>";
		};
		4812E62B1A0A6AEA006DED82 /* Model */ = {
			isa = PBXGroup;
			children = (
				49E83DA51A2714EC006952EE /* Game.swift */,
				489B03481AA60A2B0068253F /* Messaging */,
				4847D8161A24D9DD00540223 /* Physicals */,
				4812E63C1A0A7671006DED82 /* Rounds */,
				489B03431AA608850068253F /* Levels */,
			);
			name = Model;
			sourceTree = "<group>";
		};
		4812E62C1A0A6AF1006DED82 /* Views */ = {
			isa = PBXGroup;
			children = (
				4856E5891A24908100309751 /* BoardView.swift */,
				4856E58B1A24953800309751 /* FieldView.swift */,
				4847D8141A24D99400540223 /* PawnView.swift */,
				48CC18781A9DCF6700892CAD /* ProgressView.swift */,
			);
			name = Views;
			sourceTree = "<group>";
		};
		4812E62D1A0A6AFE006DED82 /* Controllers */ = {
			isa = PBXGroup;
			children = (
				4812E60D1A0A655A006DED82 /* ViewController.swift */,
				4812E60F1A0A655A006DED82 /* Main.storyboard */,
				482EEC3C1A121C7200FB13FF /* SimulateTwoHomeViewControllers.swift */,
				482EEC421A121D6A00FB13FF /* For One Player */,
				496F60871A39E3BD000FD142 /* PassControlBackAndForth.swift */,
			);
			name = Controllers;
			sourceTree = "<group>";
		};
		4812E63C1A0A7671006DED82 /* Rounds */ = {
			isa = PBXGroup;
			children = (
				4812E62E1A0A6B65006DED82 /* Round.swift */,
				4812E63A1A0A715C006DED82 /* RoundPhase.swift */,
				4812E6301A0A6B77006DED82 /* RoundState.swift */,
				4812E6341A0A6B8D006DED82 /* RoundTransition.swift */,
				4812E6321A0A6B82006DED82 /* RoundAction.swift */,
				4812E6381A0A6F7C006DED82 /* RoundActionTypes.swift */,
			);
			name = Rounds;
			sourceTree = "<group>";
		};
		481F639A1A9759790007D135 /* open-sans */ = {
			isa = PBXGroup;
			children = (
				481F639B1A9759790007D135 /* Apache License.txt */,
				481F639C1A9759790007D135 /* OpenSans-Bold.ttf */,
				481F639D1A9759790007D135 /* OpenSans-BoldItalic.ttf */,
				481F639E1A9759790007D135 /* OpenSans-ExtraBold.ttf */,
				481F639F1A9759790007D135 /* OpenSans-ExtraBoldItalic.ttf */,
				481F63A01A9759790007D135 /* OpenSans-Italic.ttf */,
				481F63A11A9759790007D135 /* OpenSans-Light.ttf */,
				481F63A21A9759790007D135 /* OpenSans-LightItalic.ttf */,
				481F63A31A9759790007D135 /* OpenSans-Regular.ttf */,
				481F63A41A9759790007D135 /* OpenSans-Semibold.ttf */,
				481F63A51A9759790007D135 /* OpenSans-SemiboldItalic.ttf */,
			);
			path = "open-sans";
			sourceTree = "<group>";
		};
		481F63B11A9759850007D135 /* Fonts */ = {
			isa = PBXGroup;
			children = (
				481F639A1A9759790007D135 /* open-sans */,
			);
			name = Fonts;
			sourceTree = "<group>";
		};
		482EEC421A121D6A00FB13FF /* For One Player */ = {
			isa = PBXGroup;
			children = (
				49821A761A695C5A008CC491 /* HomeViewController.swift */,
				482EEC3E1A121C9300FB13FF /* LevelViewController.swift */,
				491293051A30B4D900E0A554 /* ChooseLevelViewController.swift */,
				48A02DE51A9F21AB00C49E09 /* InfoViewController.swift */,
				48A02DE71A9F226400C49E09 /* htmlInfo.html */,
			);
			name = "For One Player";
			sourceTree = "<group>";
		};
		4847D8161A24D9DD00540223 /* Physicals */ = {
			isa = PBXGroup;
			children = (
				4847D8171A24DA3000540223 /* PawnDefinition.swift */,
				49E83DA91A271A8D006952EE /* BoardDefinition.swift */,
				49E83DAD1A272293006952EE /* ItemDefinition.swift */,
				49E83DAB1A271F23006952EE /* PawnConfiguration.swift */,
			);
			name = Physicals;
			sourceTree = "<group>";
		};
		489B03431AA608850068253F /* Levels */ = {
			isa = PBXGroup;
			children = (
				49E83DA71A271A48006952EE /* Level.swift */,
				49BB4E551A5691B400C93C26 /* LevelTemplate.swift */,
			);
			name = Levels;
			sourceTree = "<group>";
		};
		489B03481AA60A2B0068253F /* Messaging */ = {
			isa = PBXGroup;
			children = (
				489B03441AA608B40068253F /* Message.swift */,
				489B03461AA60A260068253F /* MessagingHelper.swift */,
			);
			name = Messaging;
			sourceTree = "<group>";
		};
		48B2C2D51A248CD6002FFEDF /* Resources */ = {
			isa = PBXGroup;
			children = (
				481F63B11A9759850007D135 /* Fonts */,
				49D87FF31A56D2AE00455DA8 /* LevelTemplates */,
				494029191A399E9300449754 /* Levels */,
				48B2C2D61A248CDF002FFEDF /* Images */,
			);
			name = Resources;
			sourceTree = "<group>";
		};
		48B2C2D61A248CDF002FFEDF /* Images */ = {
			isa = PBXGroup;
			children = (
				48A02DED1A9F6CCD00C49E09 /* HeaderWithLogo 1000x227.png */,
				48A02DEE1A9F6CCD00C49E09 /* HeaderWithLogo 1000x227@2x.png */,
				48C4A0B31A97A41A0034D878 /* Info 24x24.png */,
				48C4A0B41A97A41A0034D878 /* Info 24x24@2x.png */,
				48A8F1E51A977182008EE4BA /* LockIcon 30x30.png */,
				48A8F1E61A977182008EE4BA /* LockIcon 30x30@2x.png */,
				485E1C771A4AFE9000AC88AC /* ButtonToGiveSee.png */,
				485E1C781A4AFE9000AC88AC /* ButtonToGiveMove.png */,
				48D19EB51A48A91B0072524E /* SmallCheckMark.png */,
				48D19EB61A48A91B0072524E /* SmallCross.png */,
				48C3C2A31A695E49007FBF04 /* Button Icons */,
			);
			name = Images;
			sourceTree = "<group>";
		};
		48C3C2A31A695E49007FBF04 /* Button Icons */ = {
			isa = PBXGroup;
			children = (
				48EDD3441AA0AE9E00953628 /* HelpIcon 16x16.png */,
				48EDD3451AA0AE9E00953628 /* HelpIcon 16x16@2x.png */,
				48EDD3401AA0ADBC00953628 /* HelpIcon 21x21.png */,
				48EDD3411AA0ADBC00953628 /* HelpIcon 21x21@2x.png */,
				48A02DF11A9F7DD200C49E09 /* Cross 22x22.png */,
				48A02DF21A9F7DD200C49E09 /* Cross 22x22@2x.png */,
				48C3C2A41A695EA1007FBF04 /* Icon_Down 70x70.png */,
				48C3C2A51A695EA1007FBF04 /* Icon_Down 70x70@2x.png */,
				48C3C2A61A695EA1007FBF04 /* Icon_Finish 70x70.png */,
				48C3C2A71A695EA1007FBF04 /* Icon_Finish 70x70@2x.png */,
				48C3C2A81A695EA1007FBF04 /* Icon_Give 70x70.png */,
				48C3C2A91A695EA1007FBF04 /* Icon_Give 70x70@2x.png */,
				48C3C2AA1A695EA1007FBF04 /* Icon_Home 70x70.png */,
				48C3C2AB1A695EA1007FBF04 /* Icon_Home 70x70@2x.png */,
				48C3C2AC1A695EA1007FBF04 /* Icon_Left 70x70.png */,
				48C3C2AD1A695EA1007FBF04 /* Icon_Left 70x70@2x.png */,
				48C3C2AE1A695EA1007FBF04 /* Icon_Move 70x70.png */,
				48C3C2AF1A695EA1007FBF04 /* Icon_Move 70x70@2x.png */,
				48C3C2B01A695EA1007FBF04 /* Icon_Retry 70x70.png */,
				48C3C2B11A695EA1007FBF04 /* Icon_Retry 70x70@2x.png */,
				48C3C2B21A695EA1007FBF04 /* Icon_Right 70x70.png */,
				48C3C2B31A695EA1007FBF04 /* Icon_Right 70x70@2x.png */,
				48C3C2B41A695EA1007FBF04 /* Icon_RotateClockwise 70x70.png */,
				48C3C2B51A695EA1007FBF04 /* Icon_RotateClockwise 70x70@2x.png */,
				48C3C2B61A695EA1007FBF04 /* Icon_RotateCounterClockwise 70x70.png */,
				48C3C2B71A695EA1007FBF04 /* Icon_RotateCounterClockwise 70x70@2x.png */,
				48C3C2B81A695EA1007FBF04 /* Icon_See 70x70.png */,
				48C3C2B91A695EA1007FBF04 /* Icon_See 70x70@2x.png */,
				48C3C2BA1A695EA1007FBF04 /* Icon_Up 70x70.png */,
				48C3C2BB1A695EA1007FBF04 /* Icon_Up 70x70@2x.png */,
			);
			name = "Button Icons";
			sourceTree = "<group>";
		};
		48DF63A11A39FE4E00941BDA /* Handy stuff */ = {
			isa = PBXGroup;
			children = (
				48DF63A21A39FE6500941BDA /* HandyFunctions.swift */,
				4874D87B1A70F8DE00EE812D /* JvHUIView+Animations.swift */,
				48DF9E1E1A73F76A00624C80 /* JvHClosureBasedTimer.swift */,
				4812F6191A974B450078E38B /* ViewThatPassesTouchesThrough.swift */,
				48A02DE91A9F247500C49E09 /* JvHGradientView.swift */,
				48A02DEB1A9F29B400C49E09 /* UIColor+Variations.swift */,
			);
			name = "Handy stuff";
			sourceTree = "<group>";
		};
		494029191A399E9300449754 /* Levels */ = {
			isa = PBXGroup;
			children = (
				4940291A1A399EA400449754 /* beweeg.json */,
				4940291C1A399ED400449754 /* beweegver.json */,
				4940291E1A399EF200449754 /* draai.json */,
				494029201A399F0900449754 /* beweegknop.json */,
				485E1C751A49AA1F00AC88AC /* kijkknop.json */,
				485E1C7B1A4C27C400AC88AC /* geefknop.json */,
				485E1C7D1A4C351D00AC88AC /* geefknop_limiet.json */,
				485E1C7E1A4C351D00AC88AC /* geefkijken.json */,
				485E1C7F1A4C351D00AC88AC /* communicatie.json */,
				485E1C801A4C351D00AC88AC /* communicatie_geven.json */,
				485E1C851A4C3D2A00AC88AC /* communicatie_limiet.json */,
				485E1C871A4C3D8300AC88AC /* communicatie_gevenlimiet.json */,
				485E1C881A4C3D8300AC88AC /* communicatie_draai.json */,
			);
			name = Levels;
			sourceTree = "<group>";
		};
		49D87FF31A56D2AE00455DA8 /* LevelTemplates */ = {
			isa = PBXGroup;
			children = (
				49D87FF41A56D2DB00455DA8 /* test.json */,
				49821A781A696C31008CC491 /* advanced1.json */,
				49821A7C1A696CD7008CC491 /* expert1.json */,
			);
			name = LevelTemplates;
			sourceTree = "<group>";
		};
/* End PBXGroup section */

/* Begin PBXNativeTarget section */
		4812E6051A0A655A006DED82 /* TCGGame */ = {
			isa = PBXNativeTarget;
			buildConfigurationList = 4812E6251A0A655A006DED82 /* Build configuration list for PBXNativeTarget "TCGGame" */;
			buildPhases = (
				4812E6021A0A655A006DED82 /* Sources */,
				4812E6031A0A655A006DED82 /* Frameworks */,
				4812E6041A0A655A006DED82 /* Resources */,
			);
			buildRules = (
			);
			dependencies = (
			);
			name = TCGGame;
			productName = TCGGame;
			productReference = 4812E6061A0A655A006DED82 /* TCGGame.app */;
			productType = "com.apple.product-type.application";
		};
		4812E61A1A0A655A006DED82 /* TCGGameTests */ = {
			isa = PBXNativeTarget;
			buildConfigurationList = 4812E6281A0A655A006DED82 /* Build configuration list for PBXNativeTarget "TCGGameTests" */;
			buildPhases = (
				4812E6171A0A655A006DED82 /* Sources */,
				4812E6181A0A655A006DED82 /* Frameworks */,
				4812E6191A0A655A006DED82 /* Resources */,
			);
			buildRules = (
			);
			dependencies = (
				4812E61D1A0A655A006DED82 /* PBXTargetDependency */,
			);
			name = TCGGameTests;
			productName = TCGGameTests;
			productReference = 4812E61B1A0A655A006DED82 /* TCGGameTests.xctest */;
			productType = "com.apple.product-type.bundle.unit-test";
		};
/* End PBXNativeTarget section */

/* Begin PBXProject section */
		4812E5FE1A0A655A006DED82 /* Project object */ = {
			isa = PBXProject;
			attributes = {
				LastUpgradeCheck = 0610;
				ORGANIZATIONNAME = gametogether;
				TargetAttributes = {
					4812E6051A0A655A006DED82 = {
						CreatedOnToolsVersion = 6.1;
						DevelopmentTeam = H5HQ399A66;
						SystemCapabilities = {
							com.apple.GameCenter = {
								enabled = 1;
							};
						};
					};
					4812E61A1A0A655A006DED82 = {
						CreatedOnToolsVersion = 6.1;
						TestTargetID = 4812E6051A0A655A006DED82;
					};
				};
			};
			buildConfigurationList = 4812E6011A0A655A006DED82 /* Build configuration list for PBXProject "TCGGame" */;
			compatibilityVersion = "Xcode 3.2";
			developmentRegion = English;
			hasScannedForEncodings = 0;
			knownRegions = (
				en,
				Base,
			);
			mainGroup = 4812E5FD1A0A655A006DED82;
			productRefGroup = 4812E6071A0A655A006DED82 /* Products */;
			projectDirPath = "";
			projectRoot = "";
			targets = (
				4812E6051A0A655A006DED82 /* TCGGame */,
				4812E61A1A0A655A006DED82 /* TCGGameTests */,
			);
		};
/* End PBXProject section */

/* Begin PBXResourcesBuildPhase section */
		4812E6041A0A655A006DED82 /* Resources */ = {
			isa = PBXResourcesBuildPhase;
			buildActionMask = 2147483647;
			files = (
				48A02DF01A9F6CCD00C49E09 /* HeaderWithLogo 1000x227@2x.png in Resources */,
				4874D87D1A7143B100EE812D /* advanced1.json in Resources */,
				485E1C831A4C351D00AC88AC /* communicatie.json in Resources */,
				48C4A0B51A97A41A0034D878 /* Info 24x24.png in Resources */,
				48B1CF511A5EC739008EA4A7 /* Generic State Trajectories.key.pdf in Resources */,
				48C4A0B61A97A41A0034D878 /* Info 24x24@2x.png in Resources */,
				48C3C2BF1A695EA1007FBF04 /* Icon_Finish 70x70@2x.png in Resources */,
				48C3C2D01A695EA1007FBF04 /* Icon_See 70x70.png in Resources */,
				48C3C2C71A695EA1007FBF04 /* Icon_Move 70x70@2x.png in Resources */,
				481F63AC1A9759790007D135 /* OpenSans-Light.ttf in Resources */,
				48C3C2C81A695EA1007FBF04 /* Icon_Retry 70x70.png in Resources */,
				48C3C2C21A695EA1007FBF04 /* Icon_Home 70x70.png in Resources */,
				48C3C2D11A695EA1007FBF04 /* Icon_See 70x70@2x.png in Resources */,
				48D70C421A725D0E0087B938 /* Test Accounts GameCenter TCGGame on RU.rtf in Resources */,
				48EDD3471AA0AE9E00953628 /* HelpIcon 16x16@2x.png in Resources */,
				494029211A399F0900449754 /* beweegknop.json in Resources */,
				481F63A81A9759790007D135 /* OpenSans-BoldItalic.ttf in Resources */,
				48A02DF31A9F7DD200C49E09 /* Cross 22x22.png in Resources */,
				48C3C2C51A695EA1007FBF04 /* Icon_Left 70x70@2x.png in Resources */,
				48A02DEF1A9F6CCD00C49E09 /* HeaderWithLogo 1000x227.png in Resources */,
				485E1C861A4C3D2A00AC88AC /* communicatie_limiet.json in Resources */,
				48591D171A445D7E00D57FDD /* Test Accounts GameCenter TCGGame on GameTogether.rtf in Resources */,
				48C3C2C91A695EA1007FBF04 /* Icon_Retry 70x70@2x.png in Resources */,
				48D19EB81A48A91B0072524E /* SmallCross.png in Resources */,
				485E1C8C1A4C3D8300AC88AC /* communicatie_draai.json in Resources */,
				4940291B1A399EA400449754 /* beweeg.json in Resources */,
				481F63A71A9759790007D135 /* OpenSans-Bold.ttf in Resources */,
				485E1C811A4C351D00AC88AC /* geefknop_limiet.json in Resources */,
				481F63AA1A9759790007D135 /* OpenSans-ExtraBoldItalic.ttf in Resources */,
				485E1C841A4C351D00AC88AC /* communicatie_geven.json in Resources */,
				48C3C2CB1A695EA1007FBF04 /* Icon_Right 70x70@2x.png in Resources */,
				48C3C2C01A695EA1007FBF04 /* Icon_Give 70x70.png in Resources */,
				485E1C7C1A4C27C400AC88AC /* geefknop.json in Resources */,
				485E1C821A4C351D00AC88AC /* geefkijken.json in Resources */,
				4940291D1A399ED400449754 /* beweegver.json in Resources */,
				48C3C2BC1A695EA1007FBF04 /* Icon_Down 70x70.png in Resources */,
				481F63AD1A9759790007D135 /* OpenSans-LightItalic.ttf in Resources */,
				48C3C2D31A695EA1007FBF04 /* Icon_Up 70x70@2x.png in Resources */,
				485E1C791A4AFE9000AC88AC /* ButtonToGiveSee.png in Resources */,
				48D19EB71A48A91B0072524E /* SmallCheckMark.png in Resources */,
				481F63B01A9759790007D135 /* OpenSans-SemiboldItalic.ttf in Resources */,
				48C3C2CF1A695EA1007FBF04 /* Icon_RotateCounterClockwise 70x70@2x.png in Resources */,
				4812E6111A0A655A006DED82 /* Main.storyboard in Resources */,
				481F63AE1A9759790007D135 /* OpenSans-Regular.ttf in Resources */,
				48C3C2C31A695EA1007FBF04 /* Icon_Home 70x70@2x.png in Resources */,
				49D87FF51A56D2DB00455DA8 /* test.json in Resources */,
				4940291F1A399EF200449754 /* draai.json in Resources */,
				496F60881A39E3BD000FD142 /* PassControlBackAndForth.swift in Resources */,
				485E1C7A1A4AFE9000AC88AC /* ButtonToGiveMove.png in Resources */,
				48A8F1E71A977182008EE4BA /* LockIcon 30x30.png in Resources */,
				48EDD3461AA0AE9E00953628 /* HelpIcon 16x16.png in Resources */,
				48A02DE81A9F226400C49E09 /* htmlInfo.html in Resources */,
				48C3C2C61A695EA1007FBF04 /* Icon_Move 70x70.png in Resources */,
				481F63AB1A9759790007D135 /* OpenSans-Italic.ttf in Resources */,
				48C3C2CC1A695EA1007FBF04 /* Icon_RotateClockwise 70x70.png in Resources */,
				481F63A61A9759790007D135 /* Apache License.txt in Resources */,
				48C3C2C11A695EA1007FBF04 /* Icon_Give 70x70@2x.png in Resources */,
				48A8F1E81A977182008EE4BA /* LockIcon 30x30@2x.png in Resources */,
				48C3C2CE1A695EA1007FBF04 /* Icon_RotateCounterClockwise 70x70.png in Resources */,
				49821A7D1A696CD7008CC491 /* expert1.json in Resources */,
				481F63A91A9759790007D135 /* OpenSans-ExtraBold.ttf in Resources */,
				48C3C2D21A695EA1007FBF04 /* Icon_Up 70x70.png in Resources */,
				48EDD3431AA0ADBC00953628 /* HelpIcon 21x21@2x.png in Resources */,
				48C3C2BE1A695EA1007FBF04 /* Icon_Finish 70x70.png in Resources */,
				48C3C2BD1A695EA1007FBF04 /* Icon_Down 70x70@2x.png in Resources */,
				48C3C2CA1A695EA1007FBF04 /* Icon_Right 70x70.png in Resources */,
				481F63AF1A9759790007D135 /* OpenSans-Semibold.ttf in Resources */,
				48C3C2C41A695EA1007FBF04 /* Icon_Left 70x70.png in Resources */,
				485E1C761A49AA1F00AC88AC /* kijkknop.json in Resources */,
				485E1C8B1A4C3D8300AC88AC /* communicatie_gevenlimiet.json in Resources */,
				48A02DF41A9F7DD200C49E09 /* Cross 22x22@2x.png in Resources */,
				48C3C2CD1A695EA1007FBF04 /* Icon_RotateClockwise 70x70@2x.png in Resources */,
				48EDD3421AA0ADBC00953628 /* HelpIcon 21x21.png in Resources */,
				4812E6161A0A655A006DED82 /* LaunchScreen.xib in Resources */,
				4812E6131A0A655A006DED82 /* Images.xcassets in Resources */,
			);
			runOnlyForDeploymentPostprocessing = 0;
		};
		4812E6191A0A655A006DED82 /* Resources */ = {
			isa = PBXResourcesBuildPhase;
			buildActionMask = 2147483647;
			files = (
			);
			runOnlyForDeploymentPostprocessing = 0;
		};
/* End PBXResourcesBuildPhase section */

/* Begin PBXSourcesBuildPhase section */
		4812E6021A0A655A006DED82 /* Sources */ = {
			isa = PBXSourcesBuildPhase;
			buildActionMask = 2147483647;
			files = (
				489B03471AA60A260068253F /* MessagingHelper.swift in Sources */,
				49821A771A695C5A008CC491 /* HomeViewController.swift in Sources */,
				48DF63A01A39ECF800941BDA /* PassControlBackAndForth.swift in Sources */,
				48DF63A31A39FE6500941BDA /* HandyFunctions.swift in Sources */,
				482EEC3D1A121C7200FB13FF /* SimulateTwoHomeViewControllers.swift in Sources */,
				48A02DE61A9F21AB00C49E09 /* InfoViewController.swift in Sources */,
				4856E58C1A24953800309751 /* FieldView.swift in Sources */,
				489B03451AA608B40068253F /* Message.swift in Sources */,
				4847D8151A24D99400540223 /* PawnView.swift in Sources */,
				48CC18791A9DCF6700892CAD /* ProgressView.swift in Sources */,
				4812E6311A0A6B77006DED82 /* RoundState.swift in Sources */,
				49E83DAE1A272293006952EE /* ItemDefinition.swift in Sources */,
				4812E60E1A0A655A006DED82 /* ViewController.swift in Sources */,
				4812E6331A0A6B82006DED82 /* RoundAction.swift in Sources */,
				4812E63B1A0A715C006DED82 /* RoundPhase.swift in Sources */,
				49E83DA81A271A48006952EE /* Level.swift in Sources */,
				4812E6391A0A6F7C006DED82 /* RoundActionTypes.swift in Sources */,
				49E83DAC1A271F23006952EE /* PawnConfiguration.swift in Sources */,
				4874D87C1A70F8DE00EE812D /* JvHUIView+Animations.swift in Sources */,
				49E83DAA1A271A8D006952EE /* BoardDefinition.swift in Sources */,
				4812E6351A0A6B8D006DED82 /* RoundTransition.swift in Sources */,
				48A02DEA1A9F247500C49E09 /* JvHGradientView.swift in Sources */,
				49E83DA61A2714EC006952EE /* Game.swift in Sources */,
				4812E62F1A0A6B65006DED82 /* Round.swift in Sources */,
				49BB4E561A5691B400C93C26 /* LevelTemplate.swift in Sources */,
				48DF9E1F1A73F76A00624C80 /* JvHClosureBasedTimer.swift in Sources */,
				482EEC401A121C9300FB13FF /* LevelViewController.swift in Sources */,
				4812E60C1A0A655A006DED82 /* AppDelegate.swift in Sources */,
				491293061A30B4DA00E0A554 /* ChooseLevelViewController.swift in Sources */,
				48A02DEC1A9F29B400C49E09 /* UIColor+Variations.swift in Sources */,
				4812F61A1A974B450078E38B /* ViewThatPassesTouchesThrough.swift in Sources */,
				4856E58A1A24908100309751 /* BoardView.swift in Sources */,
				4847D8181A24DA3000540223 /* PawnDefinition.swift in Sources */,
				482EEC441A123E0B00FB13FF /* Constants.swift in Sources */,
			);
			runOnlyForDeploymentPostprocessing = 0;
		};
		4812E6171A0A655A006DED82 /* Sources */ = {
			isa = PBXSourcesBuildPhase;
			buildActionMask = 2147483647;
			files = (
				4812E6221A0A655A006DED82 /* TCGGameTests.swift in Sources */,
			);
			runOnlyForDeploymentPostprocessing = 0;
		};
/* End PBXSourcesBuildPhase section */

/* Begin PBXTargetDependency section */
		4812E61D1A0A655A006DED82 /* PBXTargetDependency */ = {
			isa = PBXTargetDependency;
			target = 4812E6051A0A655A006DED82 /* TCGGame */;
			targetProxy = 4812E61C1A0A655A006DED82 /* PBXContainerItemProxy */;
		};
/* End PBXTargetDependency section */

/* Begin PBXVariantGroup section */
		4812E60F1A0A655A006DED82 /* Main.storyboard */ = {
			isa = PBXVariantGroup;
			children = (
				4812E6101A0A655A006DED82 /* Base */,
			);
			name = Main.storyboard;
			sourceTree = "<group>";
		};
		4812E6141A0A655A006DED82 /* LaunchScreen.xib */ = {
			isa = PBXVariantGroup;
			children = (
				4812E6151A0A655A006DED82 /* Base */,
			);
			name = LaunchScreen.xib;
			sourceTree = "<group>";
		};
/* End PBXVariantGroup section */

/* Begin XCBuildConfiguration section */
		4812E6231A0A655A006DED82 /* Debug */ = {
			isa = XCBuildConfiguration;
			buildSettings = {
				ALWAYS_SEARCH_USER_PATHS = NO;
				CLANG_CXX_LANGUAGE_STANDARD = "gnu++0x";
				CLANG_CXX_LIBRARY = "libc++";
				CLANG_ENABLE_MODULES = YES;
				CLANG_ENABLE_OBJC_ARC = YES;
				CLANG_WARN_BOOL_CONVERSION = YES;
				CLANG_WARN_CONSTANT_CONVERSION = YES;
				CLANG_WARN_DIRECT_OBJC_ISA_USAGE = YES_ERROR;
				CLANG_WARN_EMPTY_BODY = YES;
				CLANG_WARN_ENUM_CONVERSION = YES;
				CLANG_WARN_INT_CONVERSION = YES;
				CLANG_WARN_OBJC_ROOT_CLASS = YES_ERROR;
				CLANG_WARN_UNREACHABLE_CODE = YES;
				CLANG_WARN__DUPLICATE_METHOD_MATCH = YES;
				"CODE_SIGN_IDENTITY[sdk=iphoneos*]" = "iPhone Developer";
				COPY_PHASE_STRIP = NO;
				ENABLE_STRICT_OBJC_MSGSEND = YES;
				GCC_C_LANGUAGE_STANDARD = gnu99;
				GCC_DYNAMIC_NO_PIC = NO;
				GCC_OPTIMIZATION_LEVEL = 0;
				GCC_PREPROCESSOR_DEFINITIONS = (
					"DEBUG=1",
					"$(inherited)",
				);
				GCC_SYMBOLS_PRIVATE_EXTERN = NO;
				GCC_WARN_64_TO_32_BIT_CONVERSION = YES;
				GCC_WARN_ABOUT_RETURN_TYPE = YES_ERROR;
				GCC_WARN_UNDECLARED_SELECTOR = YES;
				GCC_WARN_UNINITIALIZED_AUTOS = YES_AGGRESSIVE;
				GCC_WARN_UNUSED_FUNCTION = YES;
				GCC_WARN_UNUSED_VARIABLE = YES;
				IPHONEOS_DEPLOYMENT_TARGET = 8.1;
				MTL_ENABLE_DEBUG_INFO = YES;
				ONLY_ACTIVE_ARCH = YES;
				SDKROOT = iphoneos;
				SWIFT_OPTIMIZATION_LEVEL = "-Onone";
				TARGETED_DEVICE_FAMILY = 2;
			};
			name = Debug;
		};
		4812E6241A0A655A006DED82 /* Release */ = {
			isa = XCBuildConfiguration;
			buildSettings = {
				ALWAYS_SEARCH_USER_PATHS = NO;
				CLANG_CXX_LANGUAGE_STANDARD = "gnu++0x";
				CLANG_CXX_LIBRARY = "libc++";
				CLANG_ENABLE_MODULES = YES;
				CLANG_ENABLE_OBJC_ARC = YES;
				CLANG_WARN_BOOL_CONVERSION = YES;
				CLANG_WARN_CONSTANT_CONVERSION = YES;
				CLANG_WARN_DIRECT_OBJC_ISA_USAGE = YES_ERROR;
				CLANG_WARN_EMPTY_BODY = YES;
				CLANG_WARN_ENUM_CONVERSION = YES;
				CLANG_WARN_INT_CONVERSION = YES;
				CLANG_WARN_OBJC_ROOT_CLASS = YES_ERROR;
				CLANG_WARN_UNREACHABLE_CODE = YES;
				CLANG_WARN__DUPLICATE_METHOD_MATCH = YES;
				"CODE_SIGN_IDENTITY[sdk=iphoneos*]" = "iPhone Developer";
				COPY_PHASE_STRIP = YES;
				ENABLE_NS_ASSERTIONS = NO;
				ENABLE_STRICT_OBJC_MSGSEND = YES;
				GCC_C_LANGUAGE_STANDARD = gnu99;
				GCC_WARN_64_TO_32_BIT_CONVERSION = YES;
				GCC_WARN_ABOUT_RETURN_TYPE = YES_ERROR;
				GCC_WARN_UNDECLARED_SELECTOR = YES;
				GCC_WARN_UNINITIALIZED_AUTOS = YES_AGGRESSIVE;
				GCC_WARN_UNUSED_FUNCTION = YES;
				GCC_WARN_UNUSED_VARIABLE = YES;
				IPHONEOS_DEPLOYMENT_TARGET = 8.1;
				MTL_ENABLE_DEBUG_INFO = NO;
				SDKROOT = iphoneos;
				TARGETED_DEVICE_FAMILY = 2;
				VALIDATE_PRODUCT = YES;
			};
			name = Release;
		};
		4812E6261A0A655A006DED82 /* Debug */ = {
			isa = XCBuildConfiguration;
			buildSettings = {
				ASSETCATALOG_COMPILER_APPICON_NAME = AppIcon;
				CODE_SIGN_IDENTITY = "iPhone Developer";
				"CODE_SIGN_IDENTITY[sdk=iphoneos*]" = "iPhone Developer";
				INFOPLIST_FILE = TCGGame/Info.plist;
				IPHONEOS_DEPLOYMENT_TARGET = 8.0;
				LD_RUNPATH_SEARCH_PATHS = "$(inherited) @executable_path/Frameworks";
				PRODUCT_NAME = "$(TARGET_NAME)";
				PROVISIONING_PROFILE = "";
				TARGETED_DEVICE_FAMILY = "1,2";
			};
			name = Debug;
		};
		4812E6271A0A655A006DED82 /* Release */ = {
			isa = XCBuildConfiguration;
			buildSettings = {
				ASSETCATALOG_COMPILER_APPICON_NAME = AppIcon;
				CODE_SIGN_IDENTITY = "iPhone Distribution: Radboud University (H5HQ399A66)";
				"CODE_SIGN_IDENTITY[sdk=iphoneos*]" = "iPhone Distribution: Radboud University (H5HQ399A66)";
				INFOPLIST_FILE = TCGGame/Info.plist;
				IPHONEOS_DEPLOYMENT_TARGET = 8.0;
				LD_RUNPATH_SEARCH_PATHS = "$(inherited) @executable_path/Frameworks";
				PRODUCT_NAME = "$(TARGET_NAME)";
				PROVISIONING_PROFILE = "ca379f6f-b4be-4f11-a10b-c09ba5e23a3f";
				TARGETED_DEVICE_FAMILY = "1,2";
			};
			name = Release;
		};
		4812E6291A0A655A006DED82 /* Debug */ = {
			isa = XCBuildConfiguration;
			buildSettings = {
				BUNDLE_LOADER = "$(TEST_HOST)";
				FRAMEWORK_SEARCH_PATHS = (
					"$(SDKROOT)/Developer/Library/Frameworks",
					"$(inherited)",
				);
				GCC_PREPROCESSOR_DEFINITIONS = (
					"DEBUG=1",
					"$(inherited)",
				);
				INFOPLIST_FILE = TCGGameTests/Info.plist;
				LD_RUNPATH_SEARCH_PATHS = "$(inherited) @executable_path/Frameworks @loader_path/Frameworks";
				PRODUCT_NAME = "$(TARGET_NAME)";
				TEST_HOST = "$(BUILT_PRODUCTS_DIR)/TCGGame.app/TCGGame";
			};
			name = Debug;
		};
		4812E62A1A0A655A006DED82 /* Release */ = {
			isa = XCBuildConfiguration;
			buildSettings = {
				BUNDLE_LOADER = "$(TEST_HOST)";
				FRAMEWORK_SEARCH_PATHS = (
					"$(SDKROOT)/Developer/Library/Frameworks",
					"$(inherited)",
				);
				INFOPLIST_FILE = TCGGameTests/Info.plist;
				LD_RUNPATH_SEARCH_PATHS = "$(inherited) @executable_path/Frameworks @loader_path/Frameworks";
				PRODUCT_NAME = "$(TARGET_NAME)";
				TEST_HOST = "$(BUILT_PRODUCTS_DIR)/TCGGame.app/TCGGame";
			};
			name = Release;
		};
/* End XCBuildConfiguration section */

/* Begin XCConfigurationList section */
		4812E6011A0A655A006DED82 /* Build configuration list for PBXProject "TCGGame" */ = {
			isa = XCConfigurationList;
			buildConfigurations = (
				4812E6231A0A655A006DED82 /* Debug */,
				4812E6241A0A655A006DED82 /* Release */,
			);
			defaultConfigurationIsVisible = 0;
			defaultConfigurationName = Release;
		};
		4812E6251A0A655A006DED82 /* Build configuration list for PBXNativeTarget "TCGGame" */ = {
			isa = XCConfigurationList;
			buildConfigurations = (
				4812E6261A0A655A006DED82 /* Debug */,
				4812E6271A0A655A006DED82 /* Release */,
			);
			defaultConfigurationIsVisible = 0;
			defaultConfigurationName = Release;
		};
		4812E6281A0A655A006DED82 /* Build configuration list for PBXNativeTarget "TCGGameTests" */ = {
			isa = XCConfigurationList;
			buildConfigurations = (
				4812E6291A0A655A006DED82 /* Debug */,
				4812E62A1A0A655A006DED82 /* Release */,
			);
			defaultConfigurationIsVisible = 0;
			defaultConfigurationName = Release;
		};
/* End XCConfigurationList section */
	};
	rootObject = 4812E5FE1A0A655A006DED82 /* Project object */;
}
